// !$*UTF8*$!
{
	archiveVersion = 1;
	classes = {
	};
	objectVersion = 77;
	objects = {

/* Begin PBXContainerItemProxy section */
		24A3B3842DA3C5E800097C48 /* PBXContainerItemProxy */ = {
			isa = PBXContainerItemProxy;
			containerPortal = 24A3B3652DA3C5E600097C48 /* Project object */;
			proxyType = 1;
			remoteGlobalIDString = 24A3B36C2DA3C5E600097C48;
			remoteInfo = "spark-test-ios";
		};
		24A3B38E2DA3C5E800097C48 /* PBXContainerItemProxy */ = {
			isa = PBXContainerItemProxy;
			containerPortal = 24A3B3652DA3C5E600097C48 /* Project object */;
			proxyType = 1;
			remoteGlobalIDString = 24A3B36C2DA3C5E600097C48;
			remoteInfo = "spark-test-ios";
		};
/* End PBXContainerItemProxy section */

/* Begin PBXFileReference section */
		24A3B36D2DA3C5E600097C48 /* spark-test-ios.app */ = {isa = PBXFileReference; explicitFileType = wrapper.application; includeInIndex = 0; path = "spark-test-ios.app"; sourceTree = BUILT_PRODUCTS_DIR; };
		24A3B3832DA3C5E800097C48 /* spark-test-iosTests.xctest */ = {isa = PBXFileReference; explicitFileType = wrapper.cfbundle; includeInIndex = 0; path = "spark-test-iosTests.xctest"; sourceTree = BUILT_PRODUCTS_DIR; };
		24A3B38D2DA3C5E800097C48 /* spark-test-iosUITests.xctest */ = {isa = PBXFileReference; explicitFileType = wrapper.cfbundle; includeInIndex = 0; path = "spark-test-iosUITests.xctest"; sourceTree = BUILT_PRODUCTS_DIR; };
/* End PBXFileReference section */

/* Begin PBXFileSystemSynchronizedBuildFileExceptionSet section */
		24A3B3952DA3C5E800097C48 /* Exceptions for "spark-test-ios" folder in "spark-test-ios" target */ = {
			isa = PBXFileSystemSynchronizedBuildFileExceptionSet;
			membershipExceptions = (
				Info.plist,
			);
			target = 24A3B36C2DA3C5E600097C48 /* spark-test-ios */;
		};
/* End PBXFileSystemSynchronizedBuildFileExceptionSet section */

/* Begin PBXFileSystemSynchronizedRootGroup section */
		24A3B36F2DA3C5E600097C48 /* spark-test-ios */ = {
			isa = PBXFileSystemSynchronizedRootGroup;
			exceptions = (
				24A3B3952DA3C5E800097C48 /* Exceptions for "spark-test-ios" folder in "spark-test-ios" target */,
			);
			path = "spark-test-ios";
			sourceTree = "<group>";
		};
		24A3B3862DA3C5E800097C48 /* spark-test-iosTests */ = {
			isa = PBXFileSystemSynchronizedRootGroup;
			path = "spark-test-iosTests";
			sourceTree = "<group>";
		};
		24A3B3902DA3C5E800097C48 /* spark-test-iosUITests */ = {
			isa = PBXFileSystemSynchronizedRootGroup;
			path = "spark-test-iosUITests";
			sourceTree = "<group>";
		};
/* End PBXFileSystemSynchronizedRootGroup section */

/* Begin PBXFrameworksBuildPhase section */
		24A3B36A2DA3C5E600097C48 /* Frameworks */ = {
			isa = PBXFrameworksBuildPhase;
			buildActionMask = 2147483647;
			files = (
			);
			runOnlyForDeploymentPostprocessing = 0;
		};
		24A3B3802DA3C5E800097C48 /* Frameworks */ = {
			isa = PBXFrameworksBuildPhase;
			buildActionMask = 2147483647;
			files = (
			);
			runOnlyForDeploymentPostprocessing = 0;
		};
		24A3B38A2DA3C5E800097C48 /* Frameworks */ = {
			isa = PBXFrameworksBuildPhase;
			buildActionMask = 2147483647;
			files = (
			);
			runOnlyForDeploymentPostprocessing = 0;
		};
/* End PBXFrameworksBuildPhase section */

/* Begin PBXGroup section */
		24A3B3642DA3C5E600097C48 = {
			isa = PBXGroup;
			children = (
				24A3B36F2DA3C5E600097C48 /* spark-test-ios */,
				24A3B3862DA3C5E800097C48 /* spark-test-iosTests */,
				24A3B3902DA3C5E800097C48 /* spark-test-iosUITests */,
				24A3B36E2DA3C5E600097C48 /* Products */,
			);
			sourceTree = "<group>";
		};
		24A3B36E2DA3C5E600097C48 /* Products */ = {
			isa = PBXGroup;
			children = (
				24A3B36D2DA3C5E600097C48 /* spark-test-ios.app */,
				24A3B3832DA3C5E800097C48 /* spark-test-iosTests.xctest */,
				24A3B38D2DA3C5E800097C48 /* spark-test-iosUITests.xctest */,
			);
			name = Products;
			sourceTree = "<group>";
		};
/* End PBXGroup section */

/* Begin PBXNativeTarget section */
		24A3B36C2DA3C5E600097C48 /* spark-test-ios */ = {
			isa = PBXNativeTarget;
			buildConfigurationList = 24A3B3962DA3C5E800097C48 /* Build configuration list for PBXNativeTarget "spark-test-ios" */;
			buildPhases = (
				24A3B3692DA3C5E600097C48 /* Sources */,
				24A3B36A2DA3C5E600097C48 /* Frameworks */,
				24A3B36B2DA3C5E600097C48 /* Resources */,
			);
			buildRules = (
			);
			dependencies = (
			);
			fileSystemSynchronizedGroups = (
				24A3B36F2DA3C5E600097C48 /* spark-test-ios */,
			);
			name = "spark-test-ios";
			packageProductDependencies = (
			);
			productName = "spark-test-ios";
			productReference = 24A3B36D2DA3C5E600097C48 /* spark-test-ios.app */;
			productType = "com.apple.product-type.application";
		};
		24A3B3822DA3C5E800097C48 /* spark-test-iosTests */ = {
			isa = PBXNativeTarget;
			buildConfigurationList = 24A3B39B2DA3C5E800097C48 /* Build configuration list for PBXNativeTarget "spark-test-iosTests" */;
			buildPhases = (
				24A3B37F2DA3C5E800097C48 /* Sources */,
				24A3B3802DA3C5E800097C48 /* Frameworks */,
				24A3B3812DA3C5E800097C48 /* Resources */,
			);
			buildRules = (
			);
			dependencies = (
				24A3B3852DA3C5E800097C48 /* PBXTargetDependency */,
			);
			fileSystemSynchronizedGroups = (
				24A3B3862DA3C5E800097C48 /* spark-test-iosTests */,
			);
			name = "spark-test-iosTests";
			packageProductDependencies = (
			);
			productName = "spark-test-iosTests";
			productReference = 24A3B3832DA3C5E800097C48 /* spark-test-iosTests.xctest */;
			productType = "com.apple.product-type.bundle.unit-test";
		};
		24A3B38C2DA3C5E800097C48 /* spark-test-iosUITests */ = {
			isa = PBXNativeTarget;
			buildConfigurationList = 24A3B39E2DA3C5E800097C48 /* Build configuration list for PBXNativeTarget "spark-test-iosUITests" */;
			buildPhases = (
				24A3B3892DA3C5E800097C48 /* Sources */,
				24A3B38A2DA3C5E800097C48 /* Frameworks */,
				24A3B38B2DA3C5E800097C48 /* Resources */,
			);
			buildRules = (
			);
			dependencies = (
				24A3B38F2DA3C5E800097C48 /* PBXTargetDependency */,
			);
			fileSystemSynchronizedGroups = (
				24A3B3902DA3C5E800097C48 /* spark-test-iosUITests */,
			);
			name = "spark-test-iosUITests";
			packageProductDependencies = (
			);
			productName = "spark-test-iosUITests";
			productReference = 24A3B38D2DA3C5E800097C48 /* spark-test-iosUITests.xctest */;
			productType = "com.apple.product-type.bundle.ui-testing";
		};
/* End PBXNativeTarget section */

/* Begin PBXProject section */
		24A3B3652DA3C5E600097C48 /* Project object */ = {
			isa = PBXProject;
			attributes = {
				BuildIndependentTargetsInParallel = 1;
				LastSwiftUpdateCheck = 1620;
				LastUpgradeCheck = 1620;
				TargetAttributes = {
					24A3B36C2DA3C5E600097C48 = {
						CreatedOnToolsVersion = 16.2;
					};
					24A3B3822DA3C5E800097C48 = {
						CreatedOnToolsVersion = 16.2;
						TestTargetID = 24A3B36C2DA3C5E600097C48;
					};
					24A3B38C2DA3C5E800097C48 = {
						CreatedOnToolsVersion = 16.2;
						TestTargetID = 24A3B36C2DA3C5E600097C48;
					};
				};
			};
			buildConfigurationList = 24A3B3682DA3C5E600097C48 /* Build configuration list for PBXProject "spark-test-ios" */;
			developmentRegion = en;
			hasScannedForEncodings = 0;
			knownRegions = (
				en,
				Base,
			);
			mainGroup = 24A3B3642DA3C5E600097C48;
			minimizedProjectReferenceProxies = 1;
			preferredProjectObjectVersion = 77;
			productRefGroup = 24A3B36E2DA3C5E600097C48 /* Products */;
			projectDirPath = "";
			projectRoot = "";
			targets = (
				24A3B36C2DA3C5E600097C48 /* spark-test-ios */,
				24A3B3822DA3C5E800097C48 /* spark-test-iosTests */,
				24A3B38C2DA3C5E800097C48 /* spark-test-iosUITests */,
			);
		};
/* End PBXProject section */

/* Begin PBXResourcesBuildPhase section */
		24A3B36B2DA3C5E600097C48 /* Resources */ = {
			isa = PBXResourcesBuildPhase;
			buildActionMask = 2147483647;
			files = (
			);
			runOnlyForDeploymentPostprocessing = 0;
		};
		24A3B3812DA3C5E800097C48 /* Resources */ = {
			isa = PBXResourcesBuildPhase;
			buildActionMask = 2147483647;
			files = (
			);
			runOnlyForDeploymentPostprocessing = 0;
		};
		24A3B38B2DA3C5E800097C48 /* Resources */ = {
			isa = PBXResourcesBuildPhase;
			buildActionMask = 2147483647;
			files = (
			);
			runOnlyForDeploymentPostprocessing = 0;
		};
/* End PBXResourcesBuildPhase section */

/* Begin PBXSourcesBuildPhase section */
		24A3B3692DA3C5E600097C48 /* Sources */ = {
			isa = PBXSourcesBuildPhase;
			buildActionMask = 2147483647;
			files = (
			);
			runOnlyForDeploymentPostprocessing = 0;
		};
		24A3B37F2DA3C5E800097C48 /* Sources */ = {
			isa = PBXSourcesBuildPhase;
			buildActionMask = 2147483647;
			files = (
			);
			runOnlyForDeploymentPostprocessing = 0;
		};
		24A3B3892DA3C5E800097C48 /* Sources */ = {
			isa = PBXSourcesBuildPhase;
			buildActionMask = 2147483647;
			files = (
			);
			runOnlyForDeploymentPostprocessing = 0;
		};
/* End PBXSourcesBuildPhase section */

/* Begin PBXTargetDependency section */
		24A3B3852DA3C5E800097C48 /* PBXTargetDependency */ = {
			isa = PBXTargetDependency;
			target = 24A3B36C2DA3C5E600097C48 /* spark-test-ios */;
			targetProxy = 24A3B3842DA3C5E800097C48 /* PBXContainerItemProxy */;
		};
		24A3B38F2DA3C5E800097C48 /* PBXTargetDependency */ = {
			isa = PBXTargetDependency;
			target = 24A3B36C2DA3C5E600097C48 /* spark-test-ios */;
			targetProxy = 24A3B38E2DA3C5E800097C48 /* PBXContainerItemProxy */;
		};
/* End PBXTargetDependency section */

/* Begin XCBuildConfiguration section */
		24A3B3972DA3C5E800097C48 /* Debug */ = {
			isa = XCBuildConfiguration;
			buildSettings = {
				ASSETCATALOG_COMPILER_APPICON_NAME = AppIcon;
				ASSETCATALOG_COMPILER_GLOBAL_ACCENT_COLOR_NAME = AccentColor;
				CODE_SIGN_STYLE = Automatic;
				CURRENT_PROJECT_VERSION = 1;
				DEVELOPMENT_TEAM = X3APU9Y9H9;
				GENERATE_INFOPLIST_FILE = YES;
				INFOPLIST_FILE = "spark-test-ios/Info.plist";
				INFOPLIST_KEY_UIApplicationSupportsIndirectInputEvents = YES;
				INFOPLIST_KEY_UILaunchStoryboardName = LaunchScreen;
				INFOPLIST_KEY_UIMainStoryboardFile = Main;
				INFOPLIST_KEY_UISupportedInterfaceOrientations_iPad = "UIInterfaceOrientationPortrait UIInterfaceOrientationPortraitUpsideDown UIInterfaceOrientationLandscapeLeft UIInterfaceOrientationLandscapeRight";
				INFOPLIST_KEY_UISupportedInterfaceOrientations_iPhone = "UIInterfaceOrientationPortrait UIInterfaceOrientationLandscapeLeft UIInterfaceOrientationLandscapeRight";
				LD_RUNPATH_SEARCH_PATHS = (
					"$(inherited)",
					"@executable_path/Frameworks",
				);
				MARKETING_VERSION = 1.0;
				PRODUCT_BUNDLE_IDENTIFIER = "bts.spark-test-ios";
				PRODUCT_NAME = "$(TARGET_NAME)";
				SWIFT_EMIT_LOC_STRINGS = YES;
				SWIFT_VERSION = 5.0;
				TARGETED_DEVICE_FAMILY = "1,2";
			};
			name = Debug;
		};
		24A3B3982DA3C5E800097C48 /* Release */ = {
			isa = XCBuildConfiguration;
			buildSettings = {
				ASSETCATALOG_COMPILER_APPICON_NAME = AppIcon;
				ASSETCATALOG_COMPILER_GLOBAL_ACCENT_COLOR_NAME = AccentColor;
				CODE_SIGN_STYLE = Automatic;
				CURRENT_PROJECT_VERSION = 1;
				DEVELOPMENT_TEAM = X3APU9Y9H9;
				GENERATE_INFOPLIST_FILE = YES;
				INFOPLIST_FILE = "spark-test-ios/Info.plist";
				INFOPLIST_KEY_UIApplicationSupportsIndirectInputEvents = YES;
				INFOPLIST_KEY_UILaunchStoryboardName = LaunchScreen;
				INFOPLIST_KEY_UIMainStoryboardFile = Main;
				INFOPLIST_KEY_UISupportedInterfaceOrientations_iPad = "UIInterfaceOrientationPortrait UIInterfaceOrientationPortraitUpsideDown UIInterfaceOrientationLandscapeLeft UIInterfaceOrientationLandscapeRight";
				INFOPLIST_KEY_UISupportedInterfaceOrientations_iPhone = "UIInterfaceOrientationPortrait UIInterfaceOrientationLandscapeLeft UIInterfaceOrientationLandscapeRight";
				LD_RUNPATH_SEARCH_PATHS = (
					"$(inherited)",
					"@executable_path/Frameworks",
				);
				MARKETING_VERSION = 1.0;
				PRODUCT_BUNDLE_IDENTIFIER = "bts.spark-test-ios";
				PRODUCT_NAME = "$(TARGET_NAME)";
				SWIFT_EMIT_LOC_STRINGS = YES;
				SWIFT_VERSION = 5.0;
				TARGETED_DEVICE_FAMILY = "1,2";
			};
			name = Release;
		};
		24A3B3992DA3C5E800097C48 /* Debug */ = {
			isa = XCBuildConfiguration;
			buildSettings = {
				ALWAYS_SEARCH_USER_PATHS = NO;
				ASSETCATALOG_COMPILER_GENERATE_SWIFT_ASSET_SYMBOL_EXTENSIONS = YES;
				CLANG_ANALYZER_NONNULL = YES;
				CLANG_ANALYZER_NUMBER_OBJECT_CONVERSION = YES_AGGRESSIVE;
				CLANG_CXX_LANGUAGE_STANDARD = "gnu++20";
				CLANG_ENABLE_MODULES = YES;
				CLANG_ENABLE_OBJC_ARC = YES;
				CLANG_ENABLE_OBJC_WEAK = YES;
				CLANG_WARN_BLOCK_CAPTURE_AUTORELEASING = YES;
				CLANG_WARN_BOOL_CONVERSION = YES;
				CLANG_WARN_COMMA = YES;
				CLANG_WARN_CONSTANT_CONVERSION = YES;
				CLANG_WARN_DEPRECATED_OBJC_IMPLEMENTATIONS = YES;
				CLANG_WARN_DIRECT_OBJC_ISA_USAGE = YES_ERROR;
				CLANG_WARN_DOCUMENTATION_COMMENTS = YES;
				CLANG_WARN_EMPTY_BODY = YES;
				CLANG_WARN_ENUM_CONVERSION = YES;
				CLANG_WARN_INFINITE_RECURSION = YES;
				CLANG_WARN_INT_CONVERSION = YES;
				CLANG_WARN_NON_LITERAL_NULL_CONVERSION = YES;
				CLANG_WARN_OBJC_IMPLICIT_RETAIN_SELF = YES;
				CLANG_WARN_OBJC_LITERAL_CONVERSION = YES;
				CLANG_WARN_OBJC_ROOT_CLASS = YES_ERROR;
				CLANG_WARN_QUOTED_INCLUDE_IN_FRAMEWORK_HEADER = YES;
				CLANG_WARN_RANGE_LOOP_ANALYSIS = YES;
				CLANG_WARN_STRICT_PROTOTYPES = YES;
				CLANG_WARN_SUSPICIOUS_MOVE = YES;
				CLANG_WARN_UNGUARDED_AVAILABILITY = YES_AGGRESSIVE;
				CLANG_WARN_UNREACHABLE_CODE = YES;
				CLANG_WARN__DUPLICATE_METHOD_MATCH = YES;
				COPY_PHASE_STRIP = NO;
				DEBUG_INFORMATION_FORMAT = dwarf;
				ENABLE_STRICT_OBJC_MSGSEND = YES;
				ENABLE_TESTABILITY = YES;
				ENABLE_USER_SCRIPT_SANDBOXING = YES;
				GCC_C_LANGUAGE_STANDARD = gnu17;
				GCC_DYNAMIC_NO_PIC = NO;
				GCC_NO_COMMON_BLOCKS = YES;
				GCC_OPTIMIZATION_LEVEL = 0;
				GCC_PREPROCESSOR_DEFINITIONS = (
					"DEBUG=1",
					"$(inherited)",
				);
				GCC_WARN_64_TO_32_BIT_CONVERSION = YES;
				GCC_WARN_ABOUT_RETURN_TYPE = YES_ERROR;
				GCC_WARN_UNDECLARED_SELECTOR = YES;
				GCC_WARN_UNINITIALIZED_AUTOS = YES_AGGRESSIVE;
				GCC_WARN_UNUSED_FUNCTION = YES;
				GCC_WARN_UNUSED_VARIABLE = YES;
				IPHONEOS_DEPLOYMENT_TARGET = 18.2;
				LOCALIZATION_PREFERS_STRING_CATALOGS = YES;
				MTL_ENABLE_DEBUG_INFO = INCLUDE_SOURCE;
				MTL_FAST_MATH = YES;
				ONLY_ACTIVE_ARCH = YES;
				SDKROOT = iphoneos;
				SWIFT_ACTIVE_COMPILATION_CONDITIONS = "DEBUG $(inherited)";
				SWIFT_OPTIMIZATION_LEVEL = "-Onone";
			};
			name = Debug;
		};
		24A3B39A2DA3C5E800097C48 /* Release */ = {
			isa = XCBuildConfiguration;
			buildSettings = {
				ALWAYS_SEARCH_USER_PATHS = NO;
				ASSETCATALOG_COMPILER_GENERATE_SWIFT_ASSET_SYMBOL_EXTENSIONS = YES;
				CLANG_ANALYZER_NONNULL = YES;
				CLANG_ANALYZER_NUMBER_OBJECT_CONVERSION = YES_AGGRESSIVE;
				CLANG_CXX_LANGUAGE_STANDARD = "gnu++20";
				CLANG_ENABLE_MODULES = YES;
				CLANG_ENABLE_OBJC_ARC = YES;
				CLANG_ENABLE_OBJC_WEAK = YES;
				CLANG_WARN_BLOCK_CAPTURE_AUTORELEASING = YES;
				CLANG_WARN_BOOL_CONVERSION = YES;
				CLANG_WARN_COMMA = YES;
				CLANG_WARN_CONSTANT_CONVERSION = YES;
				CLANG_WARN_DEPRECATED_OBJC_IMPLEMENTATIONS = YES;
				CLANG_WARN_DIRECT_OBJC_ISA_USAGE = YES_ERROR;
				CLANG_WARN_DOCUMENTATION_COMMENTS = YES;
				CLANG_WARN_EMPTY_BODY = YES;
				CLANG_WARN_ENUM_CONVERSION = YES;
				CLANG_WARN_INFINITE_RECURSION = YES;
				CLANG_WARN_INT_CONVERSION = YES;
				CLANG_WARN_NON_LITERAL_NULL_CONVERSION = YES;
				CLANG_WARN_OBJC_IMPLICIT_RETAIN_SELF = YES;
				CLANG_WARN_OBJC_LITERAL_CONVERSION = YES;
				CLANG_WARN_OBJC_ROOT_CLASS = YES_ERROR;
				CLANG_WARN_QUOTED_INCLUDE_IN_FRAMEWORK_HEADER = YES;
				CLANG_WARN_RANGE_LOOP_ANALYSIS = YES;
				CLANG_WARN_STRICT_PROTOTYPES = YES;
				CLANG_WARN_SUSPICIOUS_MOVE = YES;
				CLANG_WARN_UNGUARDED_AVAILABILITY = YES_AGGRESSIVE;
				CLANG_WARN_UNREACHABLE_CODE = YES;
				CLANG_WARN__DUPLICATE_METHOD_MATCH = YES;
				COPY_PHASE_STRIP = NO;
				DEBUG_INFORMATION_FORMAT = "dwarf-with-dsym";
				ENABLE_NS_ASSERTIONS = NO;
				ENABLE_STRICT_OBJC_MSGSEND = YES;
				ENABLE_USER_SCRIPT_SANDBOXING = YES;
				GCC_C_LANGUAGE_STANDARD = gnu17;
				GCC_NO_COMMON_BLOCKS = YES;
				GCC_WARN_64_TO_32_BIT_CONVERSION = YES;
				GCC_WARN_ABOUT_RETURN_TYPE = YES_ERROR;
				GCC_WARN_UNDECLARED_SELECTOR = YES;
				GCC_WARN_UNINITIALIZED_AUTOS = YES_AGGRESSIVE;
				GCC_WARN_UNUSED_FUNCTION = YES;
				GCC_WARN_UNUSED_VARIABLE = YES;
				IPHONEOS_DEPLOYMENT_TARGET = 18.2;
				LOCALIZATION_PREFERS_STRING_CATALOGS = YES;
				MTL_ENABLE_DEBUG_INFO = NO;
				MTL_FAST_MATH = YES;
				SDKROOT = iphoneos;
				SWIFT_COMPILATION_MODE = wholemodule;
				VALIDATE_PRODUCT = YES;
			};
			name = Release;
		};
		24A3B39C2DA3C5E800097C48 /* Debug */ = {
			isa = XCBuildConfiguration;
			buildSettings = {
				BUNDLE_LOADER = "$(TEST_HOST)";
				CODE_SIGN_STYLE = Automatic;
				CURRENT_PROJECT_VERSION = 1;
				DEVELOPMENT_TEAM = X3APU9Y9H9;
				GENERATE_INFOPLIST_FILE = YES;
				IPHONEOS_DEPLOYMENT_TARGET = 18.2;
				MARKETING_VERSION = 1.0;
				PRODUCT_BUNDLE_IDENTIFIER = "bts.spark-test-iosTests";
				PRODUCT_NAME = "$(TARGET_NAME)";
				SWIFT_EMIT_LOC_STRINGS = NO;
				SWIFT_VERSION = 5.0;
				TARGETED_DEVICE_FAMILY = "1,2";
				TEST_HOST = "$(BUILT_PRODUCTS_DIR)/spark-test-ios.app/$(BUNDLE_EXECUTABLE_FOLDER_PATH)/spark-test-ios";
			};
			name = Debug;
		};
		24A3B39D2DA3C5E800097C48 /* Release */ = {
			isa = XCBuildConfiguration;
			buildSettings = {
				BUNDLE_LOADER = "$(TEST_HOST)";
				CODE_SIGN_STYLE = Automatic;
				CURRENT_PROJECT_VERSION = 1;
				DEVELOPMENT_TEAM = X3APU9Y9H9;
				GENERATE_INFOPLIST_FILE = YES;
				IPHONEOS_DEPLOYMENT_TARGET = 18.2;
				MARKETING_VERSION = 1.0;
				PRODUCT_BUNDLE_IDENTIFIER = "bts.spark-test-iosTests";
				PRODUCT_NAME = "$(TARGET_NAME)";
				SWIFT_EMIT_LOC_STRINGS = NO;
				SWIFT_VERSION = 5.0;
				TARGETED_DEVICE_FAMILY = "1,2";
				TEST_HOST = "$(BUILT_PRODUCTS_DIR)/spark-test-ios.app/$(BUNDLE_EXECUTABLE_FOLDER_PATH)/spark-test-ios";
			};
			name = Release;
		};
		24A3B39F2DA3C5E800097C48 /* Debug */ = {
			isa = XCBuildConfiguration;
			buildSettings = {
				CODE_SIGN_STYLE = Automatic;
				CURRENT_PROJECT_VERSION = 1;
				DEVELOPMENT_TEAM = X3APU9Y9H9;
				GENERATE_INFOPLIST_FILE = YES;
				MARKETING_VERSION = 1.0;
				PRODUCT_BUNDLE_IDENTIFIER = "bts.spark-test-iosUITests";
				PRODUCT_NAME = "$(TARGET_NAME)";
				SWIFT_EMIT_LOC_STRINGS = NO;
				SWIFT_VERSION = 5.0;
				TARGETED_DEVICE_FAMILY = "1,2";
				TEST_TARGET_NAME = "spark-test-ios";
			};
			name = Debug;
		};
		24A3B3A02DA3C5E800097C48 /* Release */ = {
			isa = XCBuildConfiguration;
			buildSettings = {
				CODE_SIGN_STYLE = Automatic;
				CURRENT_PROJECT_VERSION = 1;
				DEVELOPMENT_TEAM = X3APU9Y9H9;
				GENERATE_INFOPLIST_FILE = YES;
				MARKETING_VERSION = 1.0;
				PRODUCT_BUNDLE_IDENTIFIER = "bts.spark-test-iosUITests";
				PRODUCT_NAME = "$(TARGET_NAME)";
				SWIFT_EMIT_LOC_STRINGS = NO;
				SWIFT_VERSION = 5.0;
				TARGETED_DEVICE_FAMILY = "1,2";
				TEST_TARGET_NAME = "spark-test-ios";
			};
			name = Release;
		};
/* End XCBuildConfiguration section */

/* Begin XCConfigurationList section */
		24A3B3682DA3C5E600097C48 /* Build configuration list for PBXProject "spark-test-ios" */ = {
			isa = XCConfigurationList;
			buildConfigurations = (
				24A3B3992DA3C5E800097C48 /* Debug */,
				24A3B39A2DA3C5E800097C48 /* Release */,
			);
			defaultConfigurationIsVisible = 0;
			defaultConfigurationName = Release;
		};
		24A3B3962DA3C5E800097C48 /* Build configuration list for PBXNativeTarget "spark-test-ios" */ = {
			isa = XCConfigurationList;
			buildConfigurations = (
				24A3B3972DA3C5E800097C48 /* Debug */,
				24A3B3982DA3C5E800097C48 /* Release */,
			);
			defaultConfigurationIsVisible = 0;
			defaultConfigurationName = Release;
		};
		24A3B39B2DA3C5E800097C48 /* Build configuration list for PBXNativeTarget "spark-test-iosTests" */ = {
			isa = XCConfigurationList;
			buildConfigurations = (
				24A3B39C2DA3C5E800097C48 /* Debug */,
				24A3B39D2DA3C5E800097C48 /* Release */,
			);
			defaultConfigurationIsVisible = 0;
			defaultConfigurationName = Release;
		};
		24A3B39E2DA3C5E800097C48 /* Build configuration list for PBXNativeTarget "spark-test-iosUITests" */ = {
			isa = XCConfigurationList;
			buildConfigurations = (
				24A3B39F2DA3C5E800097C48 /* Debug */,
				24A3B3A02DA3C5E800097C48 /* Release */,
			);
			defaultConfigurationIsVisible = 0;
			defaultConfigurationName = Release;
		};
/* End XCConfigurationList section */
	};
	rootObject = 24A3B3652DA3C5E600097C48 /* Project object */;
}
